
Microsoft Visual Studio Solution File, Format Version 12.00
# Visual Studio Version 17
VisualStudioVersion = 17.13.35931.197 d17.13
MinimumVisualStudioVersion = 10.0.40219.1
Project("{FAE04EC0-301F-11D3-BF4B-00C04F79EFBC}") = "WatchPortalFunction", "WatchPortalFunction\WatchPortalFunction.csproj", "{261D4CB6-696C-4FDB-B4EB-776BDD127026}"
EndProject
Global
	GlobalSection(SolutionConfigurationPlatforms) = preSolution
		Debug|Any CPU = Debug|Any CPU
		Release|Any CPU = Release|Any CPU
	EndGlobalSection
	GlobalSection(ProjectConfigurationPlatforms) = postSolution
		{261D4CB6-696C-4FDB-B4EB-776BDD127026}.Debug|Any CPU.ActiveCfg = Debug|Any CPU
		{261D4CB6-696C-4FDB-B4EB-776BDD127026}.Debug|Any CPU.Build.0 = Debug|Any CPU
		{261D4CB6-696C-4FDB-B4EB-776BDD127026}.Release|Any CPU.ActiveCfg = Release|Any CPU
		{261D4CB6-696C-4FDB-B4EB-776BDD127026}.Release|Any CPU.Build.0 = Release|Any CPU
	EndGlobalSection
	GlobalSection(SolutionProperties) = preSolution
		HideSolutionNode = FALSE
	EndGlobalSection
	GlobalSection(ExtensibilityGlobals) = postSolution
		SolutionGuid = {FD6231B6-F6BB-410C-B9F1-80DBC1D1A014}
	EndGlobalSection
EndGlobal
