
Microsoft Visual Studio Solution File, Format Version 12.00
# Visual Studio Version 17
VisualStudioVersion = 17.13.35931.197 d17.13
MinimumVisualStudioVersion = 10.0.40219.1
Project("{FAE04EC0-301F-11D3-BF4B-00C04F79EFBC}") = "BlobTriggerExample", "BlobTriggerExample.csproj", "{E66F7022-3C73-737E-BA1F-E26D29B022BF}"
EndProject
Global
	GlobalSection(SolutionConfigurationPlatforms) = preSolution
		Debug|Any CPU = Debug|Any CPU
		Release|Any CPU = Release|Any CPU
	EndGlobalSection
	GlobalSection(ProjectConfigurationPlatforms) = postSolution
		{E66F7022-3C73-737E-BA1F-E26D29B022BF}.Debug|Any CPU.ActiveCfg = Debug|Any CPU
		{E66F7022-3C73-737E-BA1F-E26D29B022BF}.Debug|Any CPU.Build.0 = Debug|Any CPU
		{E66F7022-3C73-737E-BA1F-E26D29B022BF}.Release|Any CPU.ActiveCfg = Release|Any CPU
		{E66F7022-3C73-737E-BA1F-E26D29B022BF}.Release|Any CPU.Build.0 = Release|Any CPU
	EndGlobalSection
	GlobalSection(SolutionProperties) = preSolution
		HideSolutionNode = FALSE
	EndGlobalSection
	GlobalSection(ExtensibilityGlobals) = postSolution
		SolutionGuid = {DC09F1AC-1624-4FA5-954B-3EFB5BF7A180}
	EndGlobalSection
EndGlobal
